// !$*UTF8*$!
{
	archiveVersion = 1;
	classes = {
	};
	objectVersion = 55;
	objects = {

/* Begin PBXBuildFile section */
		848B944728E69C1B00BF7102 /* AppDelegate.swift in Sources */ = {isa = PBXBuildFile; fileRef = 848B944628E69C1B00BF7102 /* AppDelegate.swift */; };
		848B944928E69C1B00BF7102 /* SceneDelegate.swift in Sources */ = {isa = PBXBuildFile; fileRef = 848B944828E69C1B00BF7102 /* SceneDelegate.swift */; };
		848B944B28E69C1B00BF7102 /* LoadImageViewController.swift in Sources */ = {isa = PBXBuildFile; fileRef = 848B944A28E69C1B00BF7102 /* LoadImageViewController.swift */; };
		848B944E28E69C1B00BF7102 /* Main.storyboard in Resources */ = {isa = PBXBuildFile; fileRef = 848B944C28E69C1B00BF7102 /* Main.storyboard */; };
		848B945128E69C1B00BF7102 /* Loadimage.xcdatamodeld in Sources */ = {isa = PBXBuildFile; fileRef = 848B944F28E69C1B00BF7102 /* Loadimage.xcdatamodeld */; };
		848B945328E69C1C00BF7102 /* Assets.xcassets in Resources */ = {isa = PBXBuildFile; fileRef = 848B945228E69C1C00BF7102 /* Assets.xcassets */; };
		848B945628E69C1C00BF7102 /* LaunchScreen.storyboard in Resources */ = {isa = PBXBuildFile; fileRef = 848B945428E69C1C00BF7102 /* LaunchScreen.storyboard */; };
		848B946128E69D8200BF7102 /* LoadImagePresenter.swift in Sources */ = {isa = PBXBuildFile; fileRef = 848B946028E69D8200BF7102 /* LoadImagePresenter.swift */; };
		848B946428E69E4A00BF7102 /* ImageData.swift in Sources */ = {isa = PBXBuildFile; fileRef = 848B946328E69E4A00BF7102 /* ImageData.swift */; };
		848B946728E6A08800BF7102 /* ImageTableViewCell.swift in Sources */ = {isa = PBXBuildFile; fileRef = 848B946628E6A08800BF7102 /* ImageTableViewCell.swift */; };
		848B946928E6A60800BF7102 /* DetailViewController.swift in Sources */ = {isa = PBXBuildFile; fileRef = 848B946828E6A60800BF7102 /* DetailViewController.swift */; };
		848B946B28E6A77900BF7102 /* DetailPresenter.swift in Sources */ = {isa = PBXBuildFile; fileRef = 848B946A28E6A77900BF7102 /* DetailPresenter.swift */; };
		848B946D28E6F9B000BF7102 /* ScrollViewController.swift in Sources */ = {isa = PBXBuildFile; fileRef = 848B946C28E6F9B000BF7102 /* ScrollViewController.swift */; };
/* End PBXBuildFile section */

/* Begin PBXFileReference section */
		848B944328E69C1B00BF7102 /* Loadimage.app */ = {isa = PBXFileReference; explicitFileType = wrapper.application; includeInIndex = 0; path = Loadimage.app; sourceTree = BUILT_PRODUCTS_DIR; };
		848B944628E69C1B00BF7102 /* AppDelegate.swift */ = {isa = PBXFileReference; lastKnownFileType = sourcecode.swift; path = AppDelegate.swift; sourceTree = "<group>"; };
		848B944828E69C1B00BF7102 /* SceneDelegate.swift */ = {isa = PBXFileReference; lastKnownFileType = sourcecode.swift; path = SceneDelegate.swift; sourceTree = "<group>"; };
		848B944A28E69C1B00BF7102 /* LoadImageViewController.swift */ = {isa = PBXFileReference; lastKnownFileType = sourcecode.swift; path = LoadImageViewController.swift; sourceTree = "<group>"; };
		848B944D28E69C1B00BF7102 /* Base */ = {isa = PBXFileReference; lastKnownFileType = file.storyboard; name = Base; path = Base.lproj/Main.storyboard; sourceTree = "<group>"; };
		848B945028E69C1B00BF7102 /* Loadimage.xcdatamodel */ = {isa = PBXFileReference; lastKnownFileType = wrapper.xcdatamodel; path = Loadimage.xcdatamodel; sourceTree = "<group>"; };
		848B945228E69C1C00BF7102 /* Assets.xcassets */ = {isa = PBXFileReference; lastKnownFileType = folder.assetcatalog; path = Assets.xcassets; sourceTree = "<group>"; };
		848B945528E69C1C00BF7102 /* Base */ = {isa = PBXFileReference; lastKnownFileType = file.storyboard; name = Base; path = Base.lproj/LaunchScreen.storyboard; sourceTree = "<group>"; };
		848B945728E69C1C00BF7102 /* Info.plist */ = {isa = PBXFileReference; lastKnownFileType = text.plist.xml; path = Info.plist; sourceTree = "<group>"; };
		848B946028E69D8200BF7102 /* LoadImagePresenter.swift */ = {isa = PBXFileReference; lastKnownFileType = sourcecode.swift; path = LoadImagePresenter.swift; sourceTree = "<group>"; };
		848B946328E69E4A00BF7102 /* ImageData.swift */ = {isa = PBXFileReference; lastKnownFileType = sourcecode.swift; path = ImageData.swift; sourceTree = "<group>"; };
		848B946628E6A08800BF7102 /* ImageTableViewCell.swift */ = {isa = PBXFileReference; lastKnownFileType = sourcecode.swift; path = ImageTableViewCell.swift; sourceTree = "<group>"; };
		848B946828E6A60800BF7102 /* DetailViewController.swift */ = {isa = PBXFileReference; lastKnownFileType = sourcecode.swift; path = DetailViewController.swift; sourceTree = "<group>"; };
		848B946A28E6A77900BF7102 /* DetailPresenter.swift */ = {isa = PBXFileReference; lastKnownFileType = sourcecode.swift; path = DetailPresenter.swift; sourceTree = "<group>"; };
		848B946C28E6F9B000BF7102 /* ScrollViewController.swift */ = {isa = PBXFileReference; lastKnownFileType = sourcecode.swift; path = ScrollViewController.swift; sourceTree = "<group>"; };
/* End PBXFileReference section */

/* Begin PBXFrameworksBuildPhase section */
		848B944028E69C1B00BF7102 /* Frameworks */ = {
			isa = PBXFrameworksBuildPhase;
			buildActionMask = 2147483647;
			files = (
			);
			runOnlyForDeploymentPostprocessing = 0;
		};
/* End PBXFrameworksBuildPhase section */

/* Begin PBXGroup section */
		848B943A28E69C1B00BF7102 = {
			isa = PBXGroup;
			children = (
				848B944528E69C1B00BF7102 /* Loadimage */,
				848B944428E69C1B00BF7102 /* Products */,
			);
			sourceTree = "<group>";
		};
		848B944428E69C1B00BF7102 /* Products */ = {
			isa = PBXGroup;
			children = (
				848B944328E69C1B00BF7102 /* Loadimage.app */,
			);
			name = Products;
			sourceTree = "<group>";
		};
		848B944528E69C1B00BF7102 /* Loadimage */ = {
			isa = PBXGroup;
			children = (
				848B946528E6A06300BF7102 /* TableCell */,
				848B945F28E69D2400BF7102 /* Detail */,
				848B945E28E69D1800BF7102 /* Master */,
				848B945D28E69D0F00BF7102 /* Model */,
				848B944628E69C1B00BF7102 /* AppDelegate.swift */,
				848B944828E69C1B00BF7102 /* SceneDelegate.swift */,
				848B946C28E6F9B000BF7102 /* ScrollViewController.swift */,
				848B944C28E69C1B00BF7102 /* Main.storyboard */,
				848B945228E69C1C00BF7102 /* Assets.xcassets */,
				848B945428E69C1C00BF7102 /* LaunchScreen.storyboard */,
				848B945728E69C1C00BF7102 /* Info.plist */,
				848B944F28E69C1B00BF7102 /* Loadimage.xcdatamodeld */,
			);
			path = Loadimage;
			sourceTree = "<group>";
		};
		848B945D28E69D0F00BF7102 /* Model */ = {
			isa = PBXGroup;
			children = (
				848B946328E69E4A00BF7102 /* ImageData.swift */,
			);
			path = Model;
			sourceTree = "<group>";
		};
		848B945E28E69D1800BF7102 /* Master */ = {
			isa = PBXGroup;
			children = (
				848B946028E69D8200BF7102 /* LoadImagePresenter.swift */,
				848B944A28E69C1B00BF7102 /* LoadImageViewController.swift */,
			);
			path = Master;
			sourceTree = "<group>";
		};
		848B945F28E69D2400BF7102 /* Detail */ = {
			isa = PBXGroup;
			children = (
				848B946828E6A60800BF7102 /* DetailViewController.swift */,
				848B946A28E6A77900BF7102 /* DetailPresenter.swift */,
			);
			path = Detail;
			sourceTree = "<group>";
		};
		848B946528E6A06300BF7102 /* TableCell */ = {
			isa = PBXGroup;
			children = (
				848B946628E6A08800BF7102 /* ImageTableViewCell.swift */,
			);
			path = TableCell;
			sourceTree = "<group>";
		};
/* End PBXGroup section */

/* Begin PBXNativeTarget section */
		848B944228E69C1B00BF7102 /* Loadimage */ = {
			isa = PBXNativeTarget;
			buildConfigurationList = 848B945A28E69C1C00BF7102 /* Build configuration list for PBXNativeTarget "Loadimage" */;
			buildPhases = (
				848B943F28E69C1B00BF7102 /* Sources */,
				848B944028E69C1B00BF7102 /* Frameworks */,
				848B944128E69C1B00BF7102 /* Resources */,
			);
			buildRules = (
			);
			dependencies = (
			);
			name = Loadimage;
			productName = Loadimage;
			productReference = 848B944328E69C1B00BF7102 /* Loadimage.app */;
			productType = "com.apple.product-type.application";
		};
/* End PBXNativeTarget section */

/* Begin PBXProject section */
		848B943B28E69C1B00BF7102 /* Project object */ = {
			isa = PBXProject;
			attributes = {
				BuildIndependentTargetsInParallel = 1;
				LastSwiftUpdateCheck = 1340;
				LastUpgradeCheck = 1340;
				TargetAttributes = {
					848B944228E69C1B00BF7102 = {
						CreatedOnToolsVersion = 13.4.1;
					};
				};
			};
			buildConfigurationList = 848B943E28E69C1B00BF7102 /* Build configuration list for PBXProject "Loadimage" */;
			compatibilityVersion = "Xcode 13.0";
			developmentRegion = en;
			hasScannedForEncodings = 0;
			knownRegions = (
				en,
				Base,
			);
			mainGroup = 848B943A28E69C1B00BF7102;
			productRefGroup = 848B944428E69C1B00BF7102 /* Products */;
			projectDirPath = "";
			projectRoot = "";
			targets = (
				848B944228E69C1B00BF7102 /* Loadimage */,
			);
		};
/* End PBXProject section */

/* Begin PBXResourcesBuildPhase section */
		848B944128E69C1B00BF7102 /* Resources */ = {
			isa = PBXResourcesBuildPhase;
			buildActionMask = 2147483647;
			files = (
				848B945628E69C1C00BF7102 /* LaunchScreen.storyboard in Resources */,
				848B945328E69C1C00BF7102 /* Assets.xcassets in Resources */,
				848B944E28E69C1B00BF7102 /* Main.storyboard in Resources */,
			);
			runOnlyForDeploymentPostprocessing = 0;
		};
/* End PBXResourcesBuildPhase section */

/* Begin PBXSourcesBuildPhase section */
		848B943F28E69C1B00BF7102 /* Sources */ = {
			isa = PBXSourcesBuildPhase;
			buildActionMask = 2147483647;
			files = (
				848B946728E6A08800BF7102 /* ImageTableViewCell.swift in Sources */,
				848B944B28E69C1B00BF7102 /* LoadImageViewController.swift in Sources */,
				848B946B28E6A77900BF7102 /* DetailPresenter.swift in Sources */,
				848B945128E69C1B00BF7102 /* Loadimage.xcdatamodeld in Sources */,
				848B946128E69D8200BF7102 /* LoadImagePresenter.swift in Sources */,
				848B944728E69C1B00BF7102 /* AppDelegate.swift in Sources */,
				848B944928E69C1B00BF7102 /* SceneDelegate.swift in Sources */,
				848B946D28E6F9B000BF7102 /* ScrollViewController.swift in Sources */,
				848B946428E69E4A00BF7102 /* ImageData.swift in Sources */,
				848B946928E6A60800BF7102 /* DetailViewController.swift in Sources */,
			);
			runOnlyForDeploymentPostprocessing = 0;
		};
/* End PBXSourcesBuildPhase section */

/* Begin PBXVariantGroup section */
		848B944C28E69C1B00BF7102 /* Main.storyboard */ = {
			isa = PBXVariantGroup;
			children = (
				848B944D28E69C1B00BF7102 /* Base */,
			);
			name = Main.storyboard;
			sourceTree = "<group>";
		};
		848B945428E69C1C00BF7102 /* LaunchScreen.storyboard */ = {
			isa = PBXVariantGroup;
			children = (
				848B945528E69C1C00BF7102 /* Base */,
			);
			name = LaunchScreen.storyboard;
			sourceTree = "<group>";
		};
/* End PBXVariantGroup section */

/* Begin XCBuildConfiguration section */
		848B945828E69C1C00BF7102 /* Debug */ = {
			isa = XCBuildConfiguration;
			buildSettings = {
				ALWAYS_SEARCH_USER_PATHS = NO;
				CLANG_ANALYZER_NONNULL = YES;
				CLANG_ANALYZER_NUMBER_OBJECT_CONVERSION = YES_AGGRESSIVE;
				CLANG_CXX_LANGUAGE_STANDARD = "gnu++17";
				CLANG_ENABLE_MODULES = YES;
				CLANG_ENABLE_OBJC_ARC = YES;
				CLANG_ENABLE_OBJC_WEAK = YES;
				CLANG_WARN_BLOCK_CAPTURE_AUTORELEASING = YES;
				CLANG_WARN_BOOL_CONVERSION = YES;
				CLANG_WARN_COMMA = YES;
				CLANG_WARN_CONSTANT_CONVERSION = YES;
				CLANG_WARN_DEPRECATED_OBJC_IMPLEMENTATIONS = YES;
				CLANG_WARN_DIRECT_OBJC_ISA_USAGE = YES_ERROR;
				CLANG_WARN_DOCUMENTATION_COMMENTS = YES;
				CLANG_WARN_EMPTY_BODY = YES;
				CLANG_WARN_ENUM_CONVERSION = YES;
				CLANG_WARN_INFINITE_RECURSION = YES;
				CLANG_WARN_INT_CONVERSION = YES;
				CLANG_WARN_NON_LITERAL_NULL_CONVERSION = YES;
				CLANG_WARN_OBJC_IMPLICIT_RETAIN_SELF = YES;
				CLANG_WARN_OBJC_LITERAL_CONVERSION = YES;
				CLANG_WARN_OBJC_ROOT_CLASS = YES_ERROR;
				CLANG_WARN_QUOTED_INCLUDE_IN_FRAMEWORK_HEADER = YES;
				CLANG_WARN_RANGE_LOOP_ANALYSIS = YES;
				CLANG_WARN_STRICT_PROTOTYPES = YES;
				CLANG_WARN_SUSPICIOUS_MOVE = YES;
				CLANG_WARN_UNGUARDED_AVAILABILITY = YES_AGGRESSIVE;
				CLANG_WARN_UNREACHABLE_CODE = YES;
				CLANG_WARN__DUPLICATE_METHOD_MATCH = YES;
				COPY_PHASE_STRIP = NO;
				DEBUG_INFORMATION_FORMAT = dwarf;
				ENABLE_STRICT_OBJC_MSGSEND = YES;
				ENABLE_TESTABILITY = YES;
				GCC_C_LANGUAGE_STANDARD = gnu11;
				GCC_DYNAMIC_NO_PIC = NO;
				GCC_NO_COMMON_BLOCKS = YES;
				GCC_OPTIMIZATION_LEVEL = 0;
				GCC_PREPROCESSOR_DEFINITIONS = (
					"DEBUG=1",
					"$(inherited)",
				);
				GCC_WARN_64_TO_32_BIT_CONVERSION = YES;
				GCC_WARN_ABOUT_RETURN_TYPE = YES_ERROR;
				GCC_WARN_UNDECLARED_SELECTOR = YES;
				GCC_WARN_UNINITIALIZED_AUTOS = YES_AGGRESSIVE;
				GCC_WARN_UNUSED_FUNCTION = YES;
				GCC_WARN_UNUSED_VARIABLE = YES;
				IPHONEOS_DEPLOYMENT_TARGET = 15.5;
				MTL_ENABLE_DEBUG_INFO = INCLUDE_SOURCE;
				MTL_FAST_MATH = YES;
				ONLY_ACTIVE_ARCH = YES;
				SDKROOT = iphoneos;
				SWIFT_ACTIVE_COMPILATION_CONDITIONS = DEBUG;
				SWIFT_OPTIMIZATION_LEVEL = "-Onone";
			};
			name = Debug;
		};
		848B945928E69C1C00BF7102 /* Release */ = {
			isa = XCBuildConfiguration;
			buildSettings = {
				ALWAYS_SEARCH_USER_PATHS = NO;
				CLANG_ANALYZER_NONNULL = YES;
				CLANG_ANALYZER_NUMBER_OBJECT_CONVERSION = YES_AGGRESSIVE;
				CLANG_CXX_LANGUAGE_STANDARD = "gnu++17";
				CLANG_ENABLE_MODULES = YES;
				CLANG_ENABLE_OBJC_ARC = YES;
				CLANG_ENABLE_OBJC_WEAK = YES;
				CLANG_WARN_BLOCK_CAPTURE_AUTORELEASING = YES;
				CLANG_WARN_BOOL_CONVERSION = YES;
				CLANG_WARN_COMMA = YES;
				CLANG_WARN_CONSTANT_CONVERSION = YES;
				CLANG_WARN_DEPRECATED_OBJC_IMPLEMENTATIONS = YES;
				CLANG_WARN_DIRECT_OBJC_ISA_USAGE = YES_ERROR;
				CLANG_WARN_DOCUMENTATION_COMMENTS = YES;
				CLANG_WARN_EMPTY_BODY = YES;
				CLANG_WARN_ENUM_CONVERSION = YES;
				CLANG_WARN_INFINITE_RECURSION = YES;
				CLANG_WARN_INT_CONVERSION = YES;
				CLANG_WARN_NON_LITERAL_NULL_CONVERSION = YES;
				CLANG_WARN_OBJC_IMPLICIT_RETAIN_SELF = YES;
				CLANG_WARN_OBJC_LITERAL_CONVERSION = YES;
				CLANG_WARN_OBJC_ROOT_CLASS = YES_ERROR;
				CLANG_WARN_QUOTED_INCLUDE_IN_FRAMEWORK_HEADER = YES;
				CLANG_WARN_RANGE_LOOP_ANALYSIS = YES;
				CLANG_WARN_STRICT_PROTOTYPES = YES;
				CLANG_WARN_SUSPICIOUS_MOVE = YES;
				CLANG_WARN_UNGUARDED_AVAILABILITY = YES_AGGRESSIVE;
				CLANG_WARN_UNREACHABLE_CODE = YES;
				CLANG_WARN__DUPLICATE_METHOD_MATCH = YES;
				COPY_PHASE_STRIP = NO;
				DEBUG_INFORMATION_FORMAT = "dwarf-with-dsym";
				ENABLE_NS_ASSERTIONS = NO;
				ENABLE_STRICT_OBJC_MSGSEND = YES;
				GCC_C_LANGUAGE_STANDARD = gnu11;
				GCC_NO_COMMON_BLOCKS = YES;
				GCC_WARN_64_TO_32_BIT_CONVERSION = YES;
				GCC_WARN_ABOUT_RETURN_TYPE = YES_ERROR;
				GCC_WARN_UNDECLARED_SELECTOR = YES;
				GCC_WARN_UNINITIALIZED_AUTOS = YES_AGGRESSIVE;
				GCC_WARN_UNUSED_FUNCTION = YES;
				GCC_WARN_UNUSED_VARIABLE = YES;
				IPHONEOS_DEPLOYMENT_TARGET = 15.5;
				MTL_ENABLE_DEBUG_INFO = NO;
				MTL_FAST_MATH = YES;
				SDKROOT = iphoneos;
				SWIFT_COMPILATION_MODE = wholemodule;
				SWIFT_OPTIMIZATION_LEVEL = "-O";
				VALIDATE_PRODUCT = YES;
			};
			name = Release;
		};
		848B945B28E69C1C00BF7102 /* Debug */ = {
			isa = XCBuildConfiguration;
			buildSettings = {
				ASSETCATALOG_COMPILER_APPICON_NAME = AppIcon;
				ASSETCATALOG_COMPILER_GLOBAL_ACCENT_COLOR_NAME = AccentColor;
				CODE_SIGN_STYLE = Automatic;
				CURRENT_PROJECT_VERSION = 1;
				GENERATE_INFOPLIST_FILE = YES;
				INFOPLIST_FILE = Loadimage/Info.plist;
				INFOPLIST_KEY_UIApplicationSupportsIndirectInputEvents = YES;
				INFOPLIST_KEY_UILaunchStoryboardName = LaunchScreen;
				INFOPLIST_KEY_UIMainStoryboardFile = Main;
				INFOPLIST_KEY_UISupportedInterfaceOrientations_iPad = "UIInterfaceOrientationPortrait UIInterfaceOrientationPortraitUpsideDown UIInterfaceOrientationLandscapeLeft UIInterfaceOrientationLandscapeRight";
				INFOPLIST_KEY_UISupportedInterfaceOrientations_iPhone = "UIInterfaceOrientationPortrait UIInterfaceOrientationLandscapeLeft UIInterfaceOrientationLandscapeRight";
				LD_RUNPATH_SEARCH_PATHS = (
					"$(inherited)",
					"@executable_path/Frameworks",
				);
				MARKETING_VERSION = 1.0;
				PRODUCT_BUNDLE_IDENTIFIER = hn.Loadimage;
				PRODUCT_NAME = "$(TARGET_NAME)";
				SWIFT_EMIT_LOC_STRINGS = YES;
				SWIFT_VERSION = 5.0;
				TARGETED_DEVICE_FAMILY = "1,2";
			};
			name = Debug;
		};
		848B945C28E69C1C00BF7102 /* Release */ = {
			isa = XCBuildConfiguration;
			buildSettings = {
				ASSETCATALOG_COMPILER_APPICON_NAME = AppIcon;
				ASSETCATALOG_COMPILER_GLOBAL_ACCENT_COLOR_NAME = AccentColor;
				CODE_SIGN_STYLE = Automatic;
				CURRENT_PROJECT_VERSION = 1;
				GENERATE_INFOPLIST_FILE = YES;
				INFOPLIST_FILE = Loadimage/Info.plist;
				INFOPLIST_KEY_UIApplicationSupportsIndirectInputEvents = YES;
				INFOPLIST_KEY_UILaunchStoryboardName = LaunchScreen;
				INFOPLIST_KEY_UIMainStoryboardFile = Main;
				INFOPLIST_KEY_UISupportedInterfaceOrientations_iPad = "UIInterfaceOrientationPortrait UIInterfaceOrientationPortraitUpsideDown UIInterfaceOrientationLandscapeLeft UIInterfaceOrientationLandscapeRight";
				INFOPLIST_KEY_UISupportedInterfaceOrientations_iPhone = "UIInterfaceOrientationPortrait UIInterfaceOrientationLandscapeLeft UIInterfaceOrientationLandscapeRight";
				LD_RUNPATH_SEARCH_PATHS = (
					"$(inherited)",
					"@executable_path/Frameworks",
				);
				MARKETING_VERSION = 1.0;
				PRODUCT_BUNDLE_IDENTIFIER = hn.Loadimage;
				PRODUCT_NAME = "$(TARGET_NAME)";
				SWIFT_EMIT_LOC_STRINGS = YES;
				SWIFT_VERSION = 5.0;
				TARGETED_DEVICE_FAMILY = "1,2";
			};
			name = Release;
		};
/* End XCBuildConfiguration section */

/* Begin XCConfigurationList section */
		848B943E28E69C1B00BF7102 /* Build configuration list for PBXProject "Loadimage" */ = {
			isa = XCConfigurationList;
			buildConfigurations = (
				848B945828E69C1C00BF7102 /* Debug */,
				848B945928E69C1C00BF7102 /* Release */,
			);
			defaultConfigurationIsVisible = 0;
			defaultConfigurationName = Release;
		};
		848B945A28E69C1C00BF7102 /* Build configuration list for PBXNativeTarget "Loadimage" */ = {
			isa = XCConfigurationList;
			buildConfigurations = (
				848B945B28E69C1C00BF7102 /* Debug */,
				848B945C28E69C1C00BF7102 /* Release */,
			);
			defaultConfigurationIsVisible = 0;
			defaultConfigurationName = Release;
		};
/* End XCConfigurationList section */

/* Begin XCVersionGroup section */
		848B944F28E69C1B00BF7102 /* Loadimage.xcdatamodeld */ = {
			isa = XCVersionGroup;
			children = (
				848B945028E69C1B00BF7102 /* Loadimage.xcdatamodel */,
			);
			currentVersion = 848B945028E69C1B00BF7102 /* Loadimage.xcdatamodel */;
			path = Loadimage.xcdatamodeld;
			sourceTree = "<group>";
			versionGroupType = wrapper.xcdatamodel;
		};
/* End XCVersionGroup section */
	};
	rootObject = 848B943B28E69C1B00BF7102 /* Project object */;
}
